
Microsoft Visual Studio Solution File, Format Version 12.00
# Visual Studio 15
VisualStudioVersion = 15.0.27428.2037
MinimumVisualStudioVersion = 10.0.40219.1
Project("{8BC9CEB8-8B4A-11D0-8D11-00A0C91BC942}") = "00 Hello_world", "Tutorial\Tutorial.vcxproj", "{D244AA83-C9BC-400E-8D6B-D3F951C0BF62}"
EndProject
Project("{8BC9CEB8-8B4A-11D0-8D11-00A0C91BC942}") = "01 Variables", "Variables\Variables.vcxproj", "{566CE940-02AA-4888-9EB6-A1A302C8AE9E}"
EndProject
Project("{8BC9CEB8-8B4A-11D0-8D11-00A0C91BC942}") = "02 Strings", "Strings\Strings.vcxproj", "{0FCE2B0D-F456-46B8-B36D-CB86E2215EF0}"
EndProject
Project("{8BC9CEB8-8B4A-11D0-8D11-00A0C91BC942}") = "03 Input", "Input\Input.vcxproj", "{D5E84ACF-405D-4541-AC88-2513028FA3FD}"
EndProject
Project("{8BC9CEB8-8B4A-11D0-8D11-00A0C91BC942}") = "04 Integer_Types", "Project1\Project1.vcxproj", "{753773A8-0A45-47BA-9AB4-2CF23B6FB155}"
EndProject
Project("{8BC9CEB8-8B4A-11D0-8D11-00A0C91BC942}") = "05 Floating_Point_Types", "Floating_Point_Types\Floating_Point_Types.vcxproj", "{25E1D799-1A54-4C9F-9804-4AF240D3C989}"
EndProject
Project("{8BC9CEB8-8B4A-11D0-8D11-00A0C91BC942}") = "06 Other_Types", "Other_Types\Other_Types.vcxproj", "{AC0D970F-4563-452E-B4B3-EF31F1405C19}"
EndProject
Project("{8BC9CEB8-8B4A-11D0-8D11-00A0C91BC942}") = "07 If", "If\If.vcxproj", "{58ACED74-05EE-4C4E-ABA8-9B20F6438974}"
EndProject
Project("{8BC9CEB8-8B4A-11D0-8D11-00A0C91BC942}") = "08 If-els", "If-els\If-els.vcxproj", "{6468B14D-1299-4F4D-BF98-4BB6BB2263A1}"
EndProject
Project("{8BC9CEB8-8B4A-11D0-8D11-00A0C91BC942}") = "09 Comparing_Floats", "Comparing_Floats\Comparing_Floats.vcxproj", "{F8097EC6-0662-458D-A1D4-2C437877E7F7}"
EndProject
Project("{8BC9CEB8-8B4A-11D0-8D11-00A0C91BC942}") = "10 Complex Conditions", "10 Complex Conditions\10 Complex Conditions.vcxproj", "{D238A0CD-5B45-4F71-ADC1-2C964D9CBBBB}"
EndProject
Project("{8BC9CEB8-8B4A-11D0-8D11-00A0C91BC942}") = "11 While", "11 While\11 While.vcxproj", "{36E262D4-A51C-4809-A475-3651E14859FA}"
EndProject
Project("{8BC9CEB8-8B4A-11D0-8D11-00A0C91BC942}") = "12 DoWhile", "12 DoWhile\12 DoWhile.vcxproj", "{0A411200-C9A0-4403-BDF6-D54A31D79BC9}"
EndProject
Project("{8BC9CEB8-8B4A-11D0-8D11-00A0C91BC942}") = "13 For", "13 For\13 For.vcxproj", "{335EA7A6-4697-4794-B9C2-8F7136F0DEAC}"
EndProject
Project("{8BC9CEB8-8B4A-11D0-8D11-00A0C91BC942}") = "14 Break-continue", "14 Break-continue\14 Break-continue.vcxproj", "{F2DE5A06-B719-4A8A-BD1B-50D23D4F1355}"
EndProject
Project("{8BC9CEB8-8B4A-11D0-8D11-00A0C91BC942}") = "15 Arrays", "15 Arrays\15 Arrays.vcxproj", "{8D20B488-9615-4730-ADC2-1ABF5BC3F6B5}"
EndProject
Project("{8BC9CEB8-8B4A-11D0-8D11-00A0C91BC942}") = "16 Multiarray", "16 Multiarray\16 Multiarray.vcxproj", "{0ABB4AE8-0CD7-415E-A0E1-9CBECD6D35F7}"
EndProject
Project("{8BC9CEB8-8B4A-11D0-8D11-00A0C91BC942}") = "17 Switch", "17 Switch\17 Switch.vcxproj", "{60AD23BD-8A41-4514-BC1B-463AEF1101A7}"
EndProject
Project("{8BC9CEB8-8B4A-11D0-8D11-00A0C91BC942}") = "18 Function", "18 Function\18 Function.vcxproj", "{82D1F1D2-296E-46B0-9E80-F256660428A9}"
EndProject
Project("{8BC9CEB8-8B4A-11D0-8D11-00A0C91BC942}") = "19 Classes", "19 Classes\19 Classes.vcxproj", "{A56A8DC9-534C-483E-A689-C24C9C41F85D}"
EndProject
Project("{8BC9CEB8-8B4A-11D0-8D11-00A0C91BC942}") = "20 Data Members", "20 Data Members\20 Data Members.vcxproj", "{13A20804-79A2-43C9-8F48-0B8D7B70D7EF}"
EndProject
Project("{8BC9CEB8-8B4A-11D0-8D11-00A0C91BC942}") = "21 Constructors and destructors", "21 Constructors and destructors\21 Constructors and destructors.vcxproj", "{1C4F9696-BFC1-4E89-8343-6432E07D4242}"
EndProject
Project("{8BC9CEB8-8B4A-11D0-8D11-00A0C91BC942}") = "22 Getters and Setters - String Stream", "22 Getters and Setters\22 Getters and Setters.vcxproj", "{A500670E-14E3-48DA-BBE7-3A716CDDA3BB}"
EndProject
Project("{8BC9CEB8-8B4A-11D0-8D11-00A0C91BC942}") = "23 Overloading constructors", "23 Overloading constructors\23 Overloading constructors.vcxproj", "{0B69AF4A-218D-40BD-B9F1-C4D74FC93B76}"
EndProject
Project("{8BC9CEB8-8B4A-11D0-8D11-00A0C91BC942}") = "24 This keyword", "24 This keyword\24 This keyword.vcxproj", "{ADE5870F-3230-4C16-B65C-8A2E75F7B216}"
EndProject
Project("{8BC9CEB8-8B4A-11D0-8D11-00A0C91BC942}") = "25 Pointers", "25 Pointers\25 Pointers.vcxproj", "{BC3399FA-3AC3-4E58-A7EC-91039D6B7FED}"
EndProject
Global
	GlobalSection(SolutionConfigurationPlatforms) = preSolution
		Debug|x64 = Debug|x64
		Debug|x86 = Debug|x86
		Release|x64 = Release|x64
		Release|x86 = Release|x86
	EndGlobalSection
	GlobalSection(ProjectConfigurationPlatforms) = postSolution
		{D244AA83-C9BC-400E-8D6B-D3F951C0BF62}.Debug|x64.ActiveCfg = Debug|x64
		{D244AA83-C9BC-400E-8D6B-D3F951C0BF62}.Debug|x64.Build.0 = Debug|x64
		{D244AA83-C9BC-400E-8D6B-D3F951C0BF62}.Debug|x86.ActiveCfg = Debug|Win32
		{D244AA83-C9BC-400E-8D6B-D3F951C0BF62}.Debug|x86.Build.0 = Debug|Win32
		{D244AA83-C9BC-400E-8D6B-D3F951C0BF62}.Release|x64.ActiveCfg = Release|x64
		{D244AA83-C9BC-400E-8D6B-D3F951C0BF62}.Release|x64.Build.0 = Release|x64
		{D244AA83-C9BC-400E-8D6B-D3F951C0BF62}.Release|x86.ActiveCfg = Release|Win32
		{D244AA83-C9BC-400E-8D6B-D3F951C0BF62}.Release|x86.Build.0 = Release|Win32
		{566CE940-02AA-4888-9EB6-A1A302C8AE9E}.Debug|x64.ActiveCfg = Debug|x64
		{566CE940-02AA-4888-9EB6-A1A302C8AE9E}.Debug|x64.Build.0 = Debug|x64
		{566CE940-02AA-4888-9EB6-A1A302C8AE9E}.Debug|x86.ActiveCfg = Debug|Win32
		{566CE940-02AA-4888-9EB6-A1A302C8AE9E}.Debug|x86.Build.0 = Debug|Win32
		{566CE940-02AA-4888-9EB6-A1A302C8AE9E}.Release|x64.ActiveCfg = Release|x64
		{566CE940-02AA-4888-9EB6-A1A302C8AE9E}.Release|x64.Build.0 = Release|x64
		{566CE940-02AA-4888-9EB6-A1A302C8AE9E}.Release|x86.ActiveCfg = Release|Win32
		{566CE940-02AA-4888-9EB6-A1A302C8AE9E}.Release|x86.Build.0 = Release|Win32
		{0FCE2B0D-F456-46B8-B36D-CB86E2215EF0}.Debug|x64.ActiveCfg = Debug|x64
		{0FCE2B0D-F456-46B8-B36D-CB86E2215EF0}.Debug|x64.Build.0 = Debug|x64
		{0FCE2B0D-F456-46B8-B36D-CB86E2215EF0}.Debug|x86.ActiveCfg = Debug|Win32
		{0FCE2B0D-F456-46B8-B36D-CB86E2215EF0}.Debug|x86.Build.0 = Debug|Win32
		{0FCE2B0D-F456-46B8-B36D-CB86E2215EF0}.Release|x64.ActiveCfg = Release|x64
		{0FCE2B0D-F456-46B8-B36D-CB86E2215EF0}.Release|x64.Build.0 = Release|x64
		{0FCE2B0D-F456-46B8-B36D-CB86E2215EF0}.Release|x86.ActiveCfg = Release|Win32
		{0FCE2B0D-F456-46B8-B36D-CB86E2215EF0}.Release|x86.Build.0 = Release|Win32
		{D5E84ACF-405D-4541-AC88-2513028FA3FD}.Debug|x64.ActiveCfg = Debug|x64
		{D5E84ACF-405D-4541-AC88-2513028FA3FD}.Debug|x64.Build.0 = Debug|x64
		{D5E84ACF-405D-4541-AC88-2513028FA3FD}.Debug|x86.ActiveCfg = Debug|Win32
		{D5E84ACF-405D-4541-AC88-2513028FA3FD}.Debug|x86.Build.0 = Debug|Win32
		{D5E84ACF-405D-4541-AC88-2513028FA3FD}.Release|x64.ActiveCfg = Release|x64
		{D5E84ACF-405D-4541-AC88-2513028FA3FD}.Release|x64.Build.0 = Release|x64
		{D5E84ACF-405D-4541-AC88-2513028FA3FD}.Release|x86.ActiveCfg = Release|Win32
		{D5E84ACF-405D-4541-AC88-2513028FA3FD}.Release|x86.Build.0 = Release|Win32
		{753773A8-0A45-47BA-9AB4-2CF23B6FB155}.Debug|x64.ActiveCfg = Debug|x64
		{753773A8-0A45-47BA-9AB4-2CF23B6FB155}.Debug|x64.Build.0 = Debug|x64
		{753773A8-0A45-47BA-9AB4-2CF23B6FB155}.Debug|x86.ActiveCfg = Debug|Win32
		{753773A8-0A45-47BA-9AB4-2CF23B6FB155}.Debug|x86.Build.0 = Debug|Win32
		{753773A8-0A45-47BA-9AB4-2CF23B6FB155}.Release|x64.ActiveCfg = Release|x64
		{753773A8-0A45-47BA-9AB4-2CF23B6FB155}.Release|x64.Build.0 = Release|x64
		{753773A8-0A45-47BA-9AB4-2CF23B6FB155}.Release|x86.ActiveCfg = Release|Win32
		{753773A8-0A45-47BA-9AB4-2CF23B6FB155}.Release|x86.Build.0 = Release|Win32
		{25E1D799-1A54-4C9F-9804-4AF240D3C989}.Debug|x64.ActiveCfg = Debug|x64
		{25E1D799-1A54-4C9F-9804-4AF240D3C989}.Debug|x64.Build.0 = Debug|x64
		{25E1D799-1A54-4C9F-9804-4AF240D3C989}.Debug|x86.ActiveCfg = Debug|Win32
		{25E1D799-1A54-4C9F-9804-4AF240D3C989}.Debug|x86.Build.0 = Debug|Win32
		{25E1D799-1A54-4C9F-9804-4AF240D3C989}.Release|x64.ActiveCfg = Release|x64
		{25E1D799-1A54-4C9F-9804-4AF240D3C989}.Release|x64.Build.0 = Release|x64
		{25E1D799-1A54-4C9F-9804-4AF240D3C989}.Release|x86.ActiveCfg = Release|Win32
		{25E1D799-1A54-4C9F-9804-4AF240D3C989}.Release|x86.Build.0 = Release|Win32
		{AC0D970F-4563-452E-B4B3-EF31F1405C19}.Debug|x64.ActiveCfg = Debug|x64
		{AC0D970F-4563-452E-B4B3-EF31F1405C19}.Debug|x64.Build.0 = Debug|x64
		{AC0D970F-4563-452E-B4B3-EF31F1405C19}.Debug|x86.ActiveCfg = Debug|Win32
		{AC0D970F-4563-452E-B4B3-EF31F1405C19}.Debug|x86.Build.0 = Debug|Win32
		{AC0D970F-4563-452E-B4B3-EF31F1405C19}.Release|x64.ActiveCfg = Release|x64
		{AC0D970F-4563-452E-B4B3-EF31F1405C19}.Release|x64.Build.0 = Release|x64
		{AC0D970F-4563-452E-B4B3-EF31F1405C19}.Release|x86.ActiveCfg = Release|Win32
		{AC0D970F-4563-452E-B4B3-EF31F1405C19}.Release|x86.Build.0 = Release|Win32
		{58ACED74-05EE-4C4E-ABA8-9B20F6438974}.Debug|x64.ActiveCfg = Debug|x64
		{58ACED74-05EE-4C4E-ABA8-9B20F6438974}.Debug|x64.Build.0 = Debug|x64
		{58ACED74-05EE-4C4E-ABA8-9B20F6438974}.Debug|x86.ActiveCfg = Debug|Win32
		{58ACED74-05EE-4C4E-ABA8-9B20F6438974}.Debug|x86.Build.0 = Debug|Win32
		{58ACED74-05EE-4C4E-ABA8-9B20F6438974}.Release|x64.ActiveCfg = Release|x64
		{58ACED74-05EE-4C4E-ABA8-9B20F6438974}.Release|x64.Build.0 = Release|x64
		{58ACED74-05EE-4C4E-ABA8-9B20F6438974}.Release|x86.ActiveCfg = Release|Win32
		{58ACED74-05EE-4C4E-ABA8-9B20F6438974}.Release|x86.Build.0 = Release|Win32
		{6468B14D-1299-4F4D-BF98-4BB6BB2263A1}.Debug|x64.ActiveCfg = Debug|x64
		{6468B14D-1299-4F4D-BF98-4BB6BB2263A1}.Debug|x64.Build.0 = Debug|x64
		{6468B14D-1299-4F4D-BF98-4BB6BB2263A1}.Debug|x86.ActiveCfg = Debug|Win32
		{6468B14D-1299-4F4D-BF98-4BB6BB2263A1}.Debug|x86.Build.0 = Debug|Win32
		{6468B14D-1299-4F4D-BF98-4BB6BB2263A1}.Release|x64.ActiveCfg = Release|x64
		{6468B14D-1299-4F4D-BF98-4BB6BB2263A1}.Release|x64.Build.0 = Release|x64
		{6468B14D-1299-4F4D-BF98-4BB6BB2263A1}.Release|x86.ActiveCfg = Release|Win32
		{6468B14D-1299-4F4D-BF98-4BB6BB2263A1}.Release|x86.Build.0 = Release|Win32
		{F8097EC6-0662-458D-A1D4-2C437877E7F7}.Debug|x64.ActiveCfg = Debug|x64
		{F8097EC6-0662-458D-A1D4-2C437877E7F7}.Debug|x64.Build.0 = Debug|x64
		{F8097EC6-0662-458D-A1D4-2C437877E7F7}.Debug|x86.ActiveCfg = Debug|Win32
		{F8097EC6-0662-458D-A1D4-2C437877E7F7}.Debug|x86.Build.0 = Debug|Win32
		{F8097EC6-0662-458D-A1D4-2C437877E7F7}.Release|x64.ActiveCfg = Release|x64
		{F8097EC6-0662-458D-A1D4-2C437877E7F7}.Release|x64.Build.0 = Release|x64
		{F8097EC6-0662-458D-A1D4-2C437877E7F7}.Release|x86.ActiveCfg = Release|Win32
		{F8097EC6-0662-458D-A1D4-2C437877E7F7}.Release|x86.Build.0 = Release|Win32
		{D238A0CD-5B45-4F71-ADC1-2C964D9CBBBB}.Debug|x64.ActiveCfg = Debug|x64
		{D238A0CD-5B45-4F71-ADC1-2C964D9CBBBB}.Debug|x64.Build.0 = Debug|x64
		{D238A0CD-5B45-4F71-ADC1-2C964D9CBBBB}.Debug|x86.ActiveCfg = Debug|Win32
		{D238A0CD-5B45-4F71-ADC1-2C964D9CBBBB}.Debug|x86.Build.0 = Debug|Win32
		{D238A0CD-5B45-4F71-ADC1-2C964D9CBBBB}.Release|x64.ActiveCfg = Release|x64
		{D238A0CD-5B45-4F71-ADC1-2C964D9CBBBB}.Release|x64.Build.0 = Release|x64
		{D238A0CD-5B45-4F71-ADC1-2C964D9CBBBB}.Release|x86.ActiveCfg = Release|Win32
		{D238A0CD-5B45-4F71-ADC1-2C964D9CBBBB}.Release|x86.Build.0 = Release|Win32
		{36E262D4-A51C-4809-A475-3651E14859FA}.Debug|x64.ActiveCfg = Debug|x64
		{36E262D4-A51C-4809-A475-3651E14859FA}.Debug|x64.Build.0 = Debug|x64
		{36E262D4-A51C-4809-A475-3651E14859FA}.Debug|x86.ActiveCfg = Debug|Win32
		{36E262D4-A51C-4809-A475-3651E14859FA}.Debug|x86.Build.0 = Debug|Win32
		{36E262D4-A51C-4809-A475-3651E14859FA}.Release|x64.ActiveCfg = Release|x64
		{36E262D4-A51C-4809-A475-3651E14859FA}.Release|x64.Build.0 = Release|x64
		{36E262D4-A51C-4809-A475-3651E14859FA}.Release|x86.ActiveCfg = Release|Win32
		{36E262D4-A51C-4809-A475-3651E14859FA}.Release|x86.Build.0 = Release|Win32
		{0A411200-C9A0-4403-BDF6-D54A31D79BC9}.Debug|x64.ActiveCfg = Debug|x64
		{0A411200-C9A0-4403-BDF6-D54A31D79BC9}.Debug|x64.Build.0 = Debug|x64
		{0A411200-C9A0-4403-BDF6-D54A31D79BC9}.Debug|x86.ActiveCfg = Debug|Win32
		{0A411200-C9A0-4403-BDF6-D54A31D79BC9}.Debug|x86.Build.0 = Debug|Win32
		{0A411200-C9A0-4403-BDF6-D54A31D79BC9}.Release|x64.ActiveCfg = Release|x64
		{0A411200-C9A0-4403-BDF6-D54A31D79BC9}.Release|x64.Build.0 = Release|x64
		{0A411200-C9A0-4403-BDF6-D54A31D79BC9}.Release|x86.ActiveCfg = Release|Win32
		{0A411200-C9A0-4403-BDF6-D54A31D79BC9}.Release|x86.Build.0 = Release|Win32
		{335EA7A6-4697-4794-B9C2-8F7136F0DEAC}.Debug|x64.ActiveCfg = Debug|x64
		{335EA7A6-4697-4794-B9C2-8F7136F0DEAC}.Debug|x64.Build.0 = Debug|x64
		{335EA7A6-4697-4794-B9C2-8F7136F0DEAC}.Debug|x86.ActiveCfg = Debug|Win32
		{335EA7A6-4697-4794-B9C2-8F7136F0DEAC}.Debug|x86.Build.0 = Debug|Win32
		{335EA7A6-4697-4794-B9C2-8F7136F0DEAC}.Release|x64.ActiveCfg = Release|x64
		{335EA7A6-4697-4794-B9C2-8F7136F0DEAC}.Release|x64.Build.0 = Release|x64
		{335EA7A6-4697-4794-B9C2-8F7136F0DEAC}.Release|x86.ActiveCfg = Release|Win32
		{335EA7A6-4697-4794-B9C2-8F7136F0DEAC}.Release|x86.Build.0 = Release|Win32
		{F2DE5A06-B719-4A8A-BD1B-50D23D4F1355}.Debug|x64.ActiveCfg = Debug|x64
		{F2DE5A06-B719-4A8A-BD1B-50D23D4F1355}.Debug|x64.Build.0 = Debug|x64
		{F2DE5A06-B719-4A8A-BD1B-50D23D4F1355}.Debug|x86.ActiveCfg = Debug|Win32
		{F2DE5A06-B719-4A8A-BD1B-50D23D4F1355}.Debug|x86.Build.0 = Debug|Win32
		{F2DE5A06-B719-4A8A-BD1B-50D23D4F1355}.Release|x64.ActiveCfg = Release|x64
		{F2DE5A06-B719-4A8A-BD1B-50D23D4F1355}.Release|x64.Build.0 = Release|x64
		{F2DE5A06-B719-4A8A-BD1B-50D23D4F1355}.Release|x86.ActiveCfg = Release|Win32
		{F2DE5A06-B719-4A8A-BD1B-50D23D4F1355}.Release|x86.Build.0 = Release|Win32
		{8D20B488-9615-4730-ADC2-1ABF5BC3F6B5}.Debug|x64.ActiveCfg = Debug|x64
		{8D20B488-9615-4730-ADC2-1ABF5BC3F6B5}.Debug|x64.Build.0 = Debug|x64
		{8D20B488-9615-4730-ADC2-1ABF5BC3F6B5}.Debug|x86.ActiveCfg = Debug|Win32
		{8D20B488-9615-4730-ADC2-1ABF5BC3F6B5}.Debug|x86.Build.0 = Debug|Win32
		{8D20B488-9615-4730-ADC2-1ABF5BC3F6B5}.Release|x64.ActiveCfg = Release|x64
		{8D20B488-9615-4730-ADC2-1ABF5BC3F6B5}.Release|x64.Build.0 = Release|x64
		{8D20B488-9615-4730-ADC2-1ABF5BC3F6B5}.Release|x86.ActiveCfg = Release|Win32
		{8D20B488-9615-4730-ADC2-1ABF5BC3F6B5}.Release|x86.Build.0 = Release|Win32
		{0ABB4AE8-0CD7-415E-A0E1-9CBECD6D35F7}.Debug|x64.ActiveCfg = Debug|x64
		{0ABB4AE8-0CD7-415E-A0E1-9CBECD6D35F7}.Debug|x64.Build.0 = Debug|x64
		{0ABB4AE8-0CD7-415E-A0E1-9CBECD6D35F7}.Debug|x86.ActiveCfg = Debug|Win32
		{0ABB4AE8-0CD7-415E-A0E1-9CBECD6D35F7}.Debug|x86.Build.0 = Debug|Win32
		{0ABB4AE8-0CD7-415E-A0E1-9CBECD6D35F7}.Release|x64.ActiveCfg = Release|x64
		{0ABB4AE8-0CD7-415E-A0E1-9CBECD6D35F7}.Release|x64.Build.0 = Release|x64
		{0ABB4AE8-0CD7-415E-A0E1-9CBECD6D35F7}.Release|x86.ActiveCfg = Release|Win32
		{0ABB4AE8-0CD7-415E-A0E1-9CBECD6D35F7}.Release|x86.Build.0 = Release|Win32
		{60AD23BD-8A41-4514-BC1B-463AEF1101A7}.Debug|x64.ActiveCfg = Debug|x64
		{60AD23BD-8A41-4514-BC1B-463AEF1101A7}.Debug|x64.Build.0 = Debug|x64
		{60AD23BD-8A41-4514-BC1B-463AEF1101A7}.Debug|x86.ActiveCfg = Debug|Win32
		{60AD23BD-8A41-4514-BC1B-463AEF1101A7}.Debug|x86.Build.0 = Debug|Win32
		{60AD23BD-8A41-4514-BC1B-463AEF1101A7}.Release|x64.ActiveCfg = Release|x64
		{60AD23BD-8A41-4514-BC1B-463AEF1101A7}.Release|x64.Build.0 = Release|x64
		{60AD23BD-8A41-4514-BC1B-463AEF1101A7}.Release|x86.ActiveCfg = Release|Win32
		{60AD23BD-8A41-4514-BC1B-463AEF1101A7}.Release|x86.Build.0 = Release|Win32
		{82D1F1D2-296E-46B0-9E80-F256660428A9}.Debug|x64.ActiveCfg = Debug|x64
		{82D1F1D2-296E-46B0-9E80-F256660428A9}.Debug|x64.Build.0 = Debug|x64
		{82D1F1D2-296E-46B0-9E80-F256660428A9}.Debug|x86.ActiveCfg = Debug|Win32
		{82D1F1D2-296E-46B0-9E80-F256660428A9}.Debug|x86.Build.0 = Debug|Win32
		{82D1F1D2-296E-46B0-9E80-F256660428A9}.Release|x64.ActiveCfg = Release|x64
		{82D1F1D2-296E-46B0-9E80-F256660428A9}.Release|x64.Build.0 = Release|x64
		{82D1F1D2-296E-46B0-9E80-F256660428A9}.Release|x86.ActiveCfg = Release|Win32
		{82D1F1D2-296E-46B0-9E80-F256660428A9}.Release|x86.Build.0 = Release|Win32
		{A56A8DC9-534C-483E-A689-C24C9C41F85D}.Debug|x64.ActiveCfg = Debug|x64
		{A56A8DC9-534C-483E-A689-C24C9C41F85D}.Debug|x64.Build.0 = Debug|x64
		{A56A8DC9-534C-483E-A689-C24C9C41F85D}.Debug|x86.ActiveCfg = Debug|Win32
		{A56A8DC9-534C-483E-A689-C24C9C41F85D}.Debug|x86.Build.0 = Debug|Win32
		{A56A8DC9-534C-483E-A689-C24C9C41F85D}.Release|x64.ActiveCfg = Release|x64
		{A56A8DC9-534C-483E-A689-C24C9C41F85D}.Release|x64.Build.0 = Release|x64
		{A56A8DC9-534C-483E-A689-C24C9C41F85D}.Release|x86.ActiveCfg = Release|Win32
		{A56A8DC9-534C-483E-A689-C24C9C41F85D}.Release|x86.Build.0 = Release|Win32
		{13A20804-79A2-43C9-8F48-0B8D7B70D7EF}.Debug|x64.ActiveCfg = Debug|x64
		{13A20804-79A2-43C9-8F48-0B8D7B70D7EF}.Debug|x64.Build.0 = Debug|x64
		{13A20804-79A2-43C9-8F48-0B8D7B70D7EF}.Debug|x86.ActiveCfg = Debug|Win32
		{13A20804-79A2-43C9-8F48-0B8D7B70D7EF}.Debug|x86.Build.0 = Debug|Win32
		{13A20804-79A2-43C9-8F48-0B8D7B70D7EF}.Release|x64.ActiveCfg = Release|x64
		{13A20804-79A2-43C9-8F48-0B8D7B70D7EF}.Release|x64.Build.0 = Release|x64
		{13A20804-79A2-43C9-8F48-0B8D7B70D7EF}.Release|x86.ActiveCfg = Release|Win32
		{13A20804-79A2-43C9-8F48-0B8D7B70D7EF}.Release|x86.Build.0 = Release|Win32
		{1C4F9696-BFC1-4E89-8343-6432E07D4242}.Debug|x64.ActiveCfg = Debug|x64
		{1C4F9696-BFC1-4E89-8343-6432E07D4242}.Debug|x64.Build.0 = Debug|x64
		{1C4F9696-BFC1-4E89-8343-6432E07D4242}.Debug|x86.ActiveCfg = Debug|Win32
		{1C4F9696-BFC1-4E89-8343-6432E07D4242}.Debug|x86.Build.0 = Debug|Win32
		{1C4F9696-BFC1-4E89-8343-6432E07D4242}.Release|x64.ActiveCfg = Release|x64
		{1C4F9696-BFC1-4E89-8343-6432E07D4242}.Release|x64.Build.0 = Release|x64
		{1C4F9696-BFC1-4E89-8343-6432E07D4242}.Release|x86.ActiveCfg = Release|Win32
		{1C4F9696-BFC1-4E89-8343-6432E07D4242}.Release|x86.Build.0 = Release|Win32
		{A500670E-14E3-48DA-BBE7-3A716CDDA3BB}.Debug|x64.ActiveCfg = Debug|x64
		{A500670E-14E3-48DA-BBE7-3A716CDDA3BB}.Debug|x64.Build.0 = Debug|x64
		{A500670E-14E3-48DA-BBE7-3A716CDDA3BB}.Debug|x86.ActiveCfg = Debug|Win32
		{A500670E-14E3-48DA-BBE7-3A716CDDA3BB}.Debug|x86.Build.0 = Debug|Win32
		{A500670E-14E3-48DA-BBE7-3A716CDDA3BB}.Release|x64.ActiveCfg = Release|x64
		{A500670E-14E3-48DA-BBE7-3A716CDDA3BB}.Release|x64.Build.0 = Release|x64
		{A500670E-14E3-48DA-BBE7-3A716CDDA3BB}.Release|x86.ActiveCfg = Release|Win32
		{A500670E-14E3-48DA-BBE7-3A716CDDA3BB}.Release|x86.Build.0 = Release|Win32
		{0B69AF4A-218D-40BD-B9F1-C4D74FC93B76}.Debug|x64.ActiveCfg = Debug|x64
		{0B69AF4A-218D-40BD-B9F1-C4D74FC93B76}.Debug|x64.Build.0 = Debug|x64
		{0B69AF4A-218D-40BD-B9F1-C4D74FC93B76}.Debug|x86.ActiveCfg = Debug|Win32
		{0B69AF4A-218D-40BD-B9F1-C4D74FC93B76}.Debug|x86.Build.0 = Debug|Win32
		{0B69AF4A-218D-40BD-B9F1-C4D74FC93B76}.Release|x64.ActiveCfg = Release|x64
		{0B69AF4A-218D-40BD-B9F1-C4D74FC93B76}.Release|x64.Build.0 = Release|x64
		{0B69AF4A-218D-40BD-B9F1-C4D74FC93B76}.Release|x86.ActiveCfg = Release|Win32
		{0B69AF4A-218D-40BD-B9F1-C4D74FC93B76}.Release|x86.Build.0 = Release|Win32
		{ADE5870F-3230-4C16-B65C-8A2E75F7B216}.Debug|x64.ActiveCfg = Debug|x64
		{ADE5870F-3230-4C16-B65C-8A2E75F7B216}.Debug|x64.Build.0 = Debug|x64
		{ADE5870F-3230-4C16-B65C-8A2E75F7B216}.Debug|x86.ActiveCfg = Debug|Win32
		{ADE5870F-3230-4C16-B65C-8A2E75F7B216}.Debug|x86.Build.0 = Debug|Win32
		{ADE5870F-3230-4C16-B65C-8A2E75F7B216}.Release|x64.ActiveCfg = Release|x64
		{ADE5870F-3230-4C16-B65C-8A2E75F7B216}.Release|x64.Build.0 = Release|x64
		{ADE5870F-3230-4C16-B65C-8A2E75F7B216}.Release|x86.ActiveCfg = Release|Win32
		{ADE5870F-3230-4C16-B65C-8A2E75F7B216}.Release|x86.Build.0 = Release|Win32
		{BC3399FA-3AC3-4E58-A7EC-91039D6B7FED}.Debug|x64.ActiveCfg = Debug|x64
		{BC3399FA-3AC3-4E58-A7EC-91039D6B7FED}.Debug|x64.Build.0 = Debug|x64
		{BC3399FA-3AC3-4E58-A7EC-91039D6B7FED}.Debug|x86.ActiveCfg = Debug|Win32
		{BC3399FA-3AC3-4E58-A7EC-91039D6B7FED}.Debug|x86.Build.0 = Debug|Win32
		{BC3399FA-3AC3-4E58-A7EC-91039D6B7FED}.Release|x64.ActiveCfg = Release|x64
		{BC3399FA-3AC3-4E58-A7EC-91039D6B7FED}.Release|x64.Build.0 = Release|x64
		{BC3399FA-3AC3-4E58-A7EC-91039D6B7FED}.Release|x86.ActiveCfg = Release|Win32
		{BC3399FA-3AC3-4E58-A7EC-91039D6B7FED}.Release|x86.Build.0 = Release|Win32
	EndGlobalSection
	GlobalSection(SolutionProperties) = preSolution
		HideSolutionNode = FALSE
	EndGlobalSection
	GlobalSection(ExtensibilityGlobals) = postSolution
		SolutionGuid = {CF406C8E-CDF3-491C-8A30-4B7B9B22466A}
	EndGlobalSection
EndGlobal
